
Microsoft Visual Studio Solution File, Format Version 12.00
# Visual Studio Version 17
VisualStudioVersion = 17.0.31903.59
MinimumVisualStudioVersion = 10.0.40219.1
Project("{FAE04EC0-301F-11D3-BF4B-00C04F79EFBC}") = "RR.Http", "RR.Http\RR.Http.csproj", "{FA7188A0-1E9D-40B4-AA50-2E653597CAD3}"
EndProject
Project("{FAE04EC0-301F-11D3-BF4B-00C04F79EFBC}") = "RR.DTO", "RR.DTO\RR.DTO.csproj", "{80A290BE-1223-4585-9CE4-9CD30C81B54F}"
EndProject
Global
	GlobalSection(SolutionConfigurationPlatforms) = preSolution
		Debug|Any CPU = Debug|Any CPU
		Release|Any CPU = Release|Any CPU
	EndGlobalSection
	GlobalSection(SolutionProperties) = preSolution
		HideSolutionNode = FALSE
	EndGlobalSection
	GlobalSection(ProjectConfigurationPlatforms) = postSolution
		{FA7188A0-1E9D-40B4-AA50-2E653597CAD3}.Debug|Any CPU.ActiveCfg = Debug|Any CPU
		{FA7188A0-1E9D-40B4-AA50-2E653597CAD3}.Debug|Any CPU.Build.0 = Debug|Any CPU
		{FA7188A0-1E9D-40B4-AA50-2E653597CAD3}.Release|Any CPU.ActiveCfg = Release|Any CPU
		{FA7188A0-1E9D-40B4-AA50-2E653597CAD3}.Release|Any CPU.Build.0 = Release|Any CPU
		{80A290BE-1223-4585-9CE4-9CD30C81B54F}.Debug|Any CPU.ActiveCfg = Debug|Any CPU
		{80A290BE-1223-4585-9CE4-9CD30C81B54F}.Debug|Any CPU.Build.0 = Debug|Any CPU
		{80A290BE-1223-4585-9CE4-9CD30C81B54F}.Release|Any CPU.ActiveCfg = Release|Any CPU
		{80A290BE-1223-4585-9CE4-9CD30C81B54F}.Release|Any CPU.Build.0 = Release|Any CPU
	EndGlobalSection
EndGlobal
